# THIS IS AN AUTOGENERATED FILE. DO NOT EDIT THIS FILE DIRECTLY.
# yarn lockfile v1


"@types/graphql@^0.8.2":
  version "0.8.6"
  resolved "https://registry.yarnpkg.com/@types/graphql/-/graphql-0.8.6.tgz#b34fb880493ba835b0c067024ee70130d6f9bb68"

"@types/react@^0.14.46":
  version "0.14.57"
  resolved "https://registry.yarnpkg.com/@types/react/-/react-0.14.57.tgz#1878a8654fafdd1d381b8457292b6433498c5b62"

apollo-mantra@^1.5.8:
  version "1.5.8"
  resolved "https://registry.yarnpkg.com/apollo-mantra/-/apollo-mantra-1.5.8.tgz#f9b2af68da88d199f83daf54ecaf00c2309f211f"
